// !$*UTF8*$!
{
	archiveVersion = 1;
	classes = {
	};
	objectVersion = 50;
	objects = {

/* Begin PBXBuildFile section */
		855B23C526498220009C20A9 /* AppDelegate.swift in Sources */ = {isa = PBXBuildFile; fileRef = 855B23C426498220009C20A9 /* AppDelegate.swift */; };
		855B23C726498220009C20A9 /* SceneDelegate.swift in Sources */ = {isa = PBXBuildFile; fileRef = 855B23C626498220009C20A9 /* SceneDelegate.swift */; };
		855B23CC26498220009C20A9 /* Main.storyboard in Resources */ = {isa = PBXBuildFile; fileRef = 855B23CA26498220009C20A9 /* Main.storyboard */; };
		855B23CE26498220009C20A9 /* Assets.xcassets in Resources */ = {isa = PBXBuildFile; fileRef = 855B23CD26498220009C20A9 /* Assets.xcassets */; };
		855B23D126498220009C20A9 /* LaunchScreen.storyboard in Resources */ = {isa = PBXBuildFile; fileRef = 855B23CF26498220009C20A9 /* LaunchScreen.storyboard */; };
		855B23DD26498B47009C20A9 /* Category.xcdatamodeld in Sources */ = {isa = PBXBuildFile; fileRef = 855B23DB26498B47009C20A9 /* Category.xcdatamodeld */; };
		855B23E52649A7B9009C20A9 /* DetailViewController.swift in Sources */ = {isa = PBXBuildFile; fileRef = 855B23E42649A7B9009C20A9 /* DetailViewController.swift */; };
		855B23F02649AFAE009C20A9 /* MasterViewController.swift in Sources */ = {isa = PBXBuildFile; fileRef = 855B23EF2649AFAE009C20A9 /* MasterViewController.swift */; };
		855B23F8264AA566009C20A9 /* AddCategoryViewController.swift in Sources */ = {isa = PBXBuildFile; fileRef = 855B23F7264AA566009C20A9 /* AddCategoryViewController.swift */; };
		855B2402264B112F009C20A9 /* CategoryDetailViewController.swift in Sources */ = {isa = PBXBuildFile; fileRef = 855B2401264B112F009C20A9 /* CategoryDetailViewController.swift */; };
		855B2407264C0122009C20A9 /* AddExpenseViewController.swift in Sources */ = {isa = PBXBuildFile; fileRef = 855B2406264C0122009C20A9 /* AddExpenseViewController.swift */; };
		857FCB00264D564C007C3CF8 /* ExpenseTableViewCell.swift in Sources */ = {isa = PBXBuildFile; fileRef = 857FCAFF264D564C007C3CF8 /* ExpenseTableViewCell.swift */; };
		857FCB0D264D7869007C3CF8 /* PieChartView.swift in Sources */ = {isa = PBXBuildFile; fileRef = 857FCB0C264D7869007C3CF8 /* PieChartView.swift */; };
		857FCB10264DC88E007C3CF8 /* CategoryTableViewCell.swift in Sources */ = {isa = PBXBuildFile; fileRef = 857FCB0F264DC88E007C3CF8 /* CategoryTableViewCell.swift */; };
/* End PBXBuildFile section */

/* Begin PBXFileReference section */
		855B23C126498220009C20A9 /* SpendingManagementTool.app */ = {isa = PBXFileReference; explicitFileType = wrapper.application; includeInIndex = 0; path = SpendingManagementTool.app; sourceTree = BUILT_PRODUCTS_DIR; };
		855B23C426498220009C20A9 /* AppDelegate.swift */ = {isa = PBXFileReference; lastKnownFileType = sourcecode.swift; path = AppDelegate.swift; sourceTree = "<group>"; };
		855B23C626498220009C20A9 /* SceneDelegate.swift */ = {isa = PBXFileReference; lastKnownFileType = sourcecode.swift; path = SceneDelegate.swift; sourceTree = "<group>"; };
		855B23CB26498220009C20A9 /* Base */ = {isa = PBXFileReference; lastKnownFileType = file.storyboard; name = Base; path = Base.lproj/Main.storyboard; sourceTree = "<group>"; };
		855B23CD26498220009C20A9 /* Assets.xcassets */ = {isa = PBXFileReference; lastKnownFileType = folder.assetcatalog; path = Assets.xcassets; sourceTree = "<group>"; };
		855B23D026498220009C20A9 /* Base */ = {isa = PBXFileReference; lastKnownFileType = file.storyboard; name = Base; path = Base.lproj/LaunchScreen.storyboard; sourceTree = "<group>"; };
		855B23D226498220009C20A9 /* Info.plist */ = {isa = PBXFileReference; lastKnownFileType = text.plist.xml; path = Info.plist; sourceTree = "<group>"; };
		855B23DC26498B47009C20A9 /* Category.xcdatamodel */ = {isa = PBXFileReference; lastKnownFileType = wrapper.xcdatamodel; path = Category.xcdatamodel; sourceTree = "<group>"; };
		855B23E42649A7B9009C20A9 /* DetailViewController.swift */ = {isa = PBXFileReference; lastKnownFileType = sourcecode.swift; path = DetailViewController.swift; sourceTree = "<group>"; };
		855B23EF2649AFAE009C20A9 /* MasterViewController.swift */ = {isa = PBXFileReference; lastKnownFileType = sourcecode.swift; path = MasterViewController.swift; sourceTree = "<group>"; };
		855B23F7264AA566009C20A9 /* AddCategoryViewController.swift */ = {isa = PBXFileReference; lastKnownFileType = sourcecode.swift; path = AddCategoryViewController.swift; sourceTree = "<group>"; };
		855B2401264B112F009C20A9 /* CategoryDetailViewController.swift */ = {isa = PBXFileReference; lastKnownFileType = sourcecode.swift; path = CategoryDetailViewController.swift; sourceTree = "<group>"; };
		855B2406264C0122009C20A9 /* AddExpenseViewController.swift */ = {isa = PBXFileReference; lastKnownFileType = sourcecode.swift; path = AddExpenseViewController.swift; sourceTree = "<group>"; };
		857FCAFF264D564C007C3CF8 /* ExpenseTableViewCell.swift */ = {isa = PBXFileReference; lastKnownFileType = sourcecode.swift; path = ExpenseTableViewCell.swift; sourceTree = "<group>"; };
		857FCB0C264D7869007C3CF8 /* PieChartView.swift */ = {isa = PBXFileReference; lastKnownFileType = sourcecode.swift; path = PieChartView.swift; sourceTree = "<group>"; };
		857FCB0F264DC88E007C3CF8 /* CategoryTableViewCell.swift */ = {isa = PBXFileReference; lastKnownFileType = sourcecode.swift; path = CategoryTableViewCell.swift; sourceTree = "<group>"; };
/* End PBXFileReference section */

/* Begin PBXFrameworksBuildPhase section */
		855B23BE26498220009C20A9 /* Frameworks */ = {
			isa = PBXFrameworksBuildPhase;
			buildActionMask = 2147483647;
			files = (
			);
			runOnlyForDeploymentPostprocessing = 0;
		};
/* End PBXFrameworksBuildPhase section */

/* Begin PBXGroup section */
		00AF0B7D265974AD0045AD3F /* View */ = {
			isa = PBXGroup;
			children = (
				857FCAFF264D564C007C3CF8 /* ExpenseTableViewCell.swift */,
				857FCB0C264D7869007C3CF8 /* PieChartView.swift */,
				857FCB0F264DC88E007C3CF8 /* CategoryTableViewCell.swift */,
				855B23CA26498220009C20A9 /* Main.storyboard */,
				855B23CF26498220009C20A9 /* LaunchScreen.storyboard */,
			);
			path = View;
			sourceTree = "<group>";
		};
		00AF0B7E265974BD0045AD3F /* Controller */ = {
			isa = PBXGroup;
			children = (
				855B23E42649A7B9009C20A9 /* DetailViewController.swift */,
				855B23EF2649AFAE009C20A9 /* MasterViewController.swift */,
				855B23F7264AA566009C20A9 /* AddCategoryViewController.swift */,
				855B2406264C0122009C20A9 /* AddExpenseViewController.swift */,
				855B2401264B112F009C20A9 /* CategoryDetailViewController.swift */,
			);
			path = Controller;
			sourceTree = "<group>";
		};
		855B23B826498220009C20A9 = {
			isa = PBXGroup;
			children = (
				855B23C326498220009C20A9 /* SpendingManagementTool */,
				855B23C226498220009C20A9 /* Products */,
			);
			sourceTree = "<group>";
		};
		855B23C226498220009C20A9 /* Products */ = {
			isa = PBXGroup;
			children = (
				855B23C126498220009C20A9 /* SpendingManagementTool.app */,
			);
			name = Products;
			sourceTree = "<group>";
		};
		855B23C326498220009C20A9 /* SpendingManagementTool */ = {
			isa = PBXGroup;
			children = (
				00AF0B7E265974BD0045AD3F /* Controller */,
				00AF0B7D265974AD0045AD3F /* View */,
				855B23C426498220009C20A9 /* AppDelegate.swift */,
				855B23C626498220009C20A9 /* SceneDelegate.swift */,
				855B23CD26498220009C20A9 /* Assets.xcassets */,
				855B23D226498220009C20A9 /* Info.plist */,
				855B23DB26498B47009C20A9 /* Category.xcdatamodeld */,
			);
			path = SpendingManagementTool;
			sourceTree = "<group>";
		};
/* End PBXGroup section */

/* Begin PBXNativeTarget section */
		855B23C026498220009C20A9 /* SpendingManagementTool */ = {
			isa = PBXNativeTarget;
			buildConfigurationList = 855B23D526498220009C20A9 /* Build configuration list for PBXNativeTarget "SpendingManagementTool" */;
			buildPhases = (
				855B23BD26498220009C20A9 /* Sources */,
				855B23BE26498220009C20A9 /* Frameworks */,
				855B23BF26498220009C20A9 /* Resources */,
			);
			buildRules = (
			);
			dependencies = (
			);
			name = SpendingManagementTool;
			productName = SpendingManagementTool;
			productReference = 855B23C126498220009C20A9 /* SpendingManagementTool.app */;
			productType = "com.apple.product-type.application";
		};
/* End PBXNativeTarget section */

/* Begin PBXProject section */
		855B23B926498220009C20A9 /* Project object */ = {
			isa = PBXProject;
			attributes = {
				LastSwiftUpdateCheck = 1240;
				LastUpgradeCheck = 1240;
				TargetAttributes = {
					855B23C026498220009C20A9 = {
						CreatedOnToolsVersion = 12.4;
					};
				};
			};
			buildConfigurationList = 855B23BC26498220009C20A9 /* Build configuration list for PBXProject "SpendingManagementTool" */;
			compatibilityVersion = "Xcode 9.3";
			developmentRegion = en;
			hasScannedForEncodings = 0;
			knownRegions = (
				en,
				Base,
			);
			mainGroup = 855B23B826498220009C20A9;
			productRefGroup = 855B23C226498220009C20A9 /* Products */;
			projectDirPath = "";
			projectRoot = "";
			targets = (
				855B23C026498220009C20A9 /* SpendingManagementTool */,
			);
		};
/* End PBXProject section */

/* Begin PBXResourcesBuildPhase section */
		855B23BF26498220009C20A9 /* Resources */ = {
			isa = PBXResourcesBuildPhase;
			buildActionMask = 2147483647;
			files = (
				855B23D126498220009C20A9 /* LaunchScreen.storyboard in Resources */,
				855B23CE26498220009C20A9 /* Assets.xcassets in Resources */,
				855B23CC26498220009C20A9 /* Main.storyboard in Resources */,
			);
			runOnlyForDeploymentPostprocessing = 0;
		};
/* End PBXResourcesBuildPhase section */

/* Begin PBXSourcesBuildPhase section */
		855B23BD26498220009C20A9 /* Sources */ = {
			isa = PBXSourcesBuildPhase;
			buildActionMask = 2147483647;
			files = (
				857FCB00264D564C007C3CF8 /* ExpenseTableViewCell.swift in Sources */,
				855B2402264B112F009C20A9 /* CategoryDetailViewController.swift in Sources */,
				855B23C526498220009C20A9 /* AppDelegate.swift in Sources */,
				857FCB0D264D7869007C3CF8 /* PieChartView.swift in Sources */,
				855B23F02649AFAE009C20A9 /* MasterViewController.swift in Sources */,
				855B2407264C0122009C20A9 /* AddExpenseViewController.swift in Sources */,
				855B23E52649A7B9009C20A9 /* DetailViewController.swift in Sources */,
				855B23C726498220009C20A9 /* SceneDelegate.swift in Sources */,
				855B23F8264AA566009C20A9 /* AddCategoryViewController.swift in Sources */,
				855B23DD26498B47009C20A9 /* Category.xcdatamodeld in Sources */,
				857FCB10264DC88E007C3CF8 /* CategoryTableViewCell.swift in Sources */,
			);
			runOnlyForDeploymentPostprocessing = 0;
		};
/* End PBXSourcesBuildPhase section */

/* Begin PBXVariantGroup section */
		855B23CA26498220009C20A9 /* Main.storyboard */ = {
			isa = PBXVariantGroup;
			children = (
				855B23CB26498220009C20A9 /* Base */,
			);
			name = Main.storyboard;
			sourceTree = "<group>";
		};
		855B23CF26498220009C20A9 /* LaunchScreen.storyboard */ = {
			isa = PBXVariantGroup;
			children = (
				855B23D026498220009C20A9 /* Base */,
			);
			name = LaunchScreen.storyboard;
			sourceTree = "<group>";
		};
/* End PBXVariantGroup section */

/* Begin XCBuildConfiguration section */
		855B23D326498220009C20A9 /* Debug */ = {
			isa = XCBuildConfiguration;
			buildSettings = {
				ALWAYS_SEARCH_USER_PATHS = NO;
				CLANG_ANALYZER_NONNULL = YES;
				CLANG_ANALYZER_NUMBER_OBJECT_CONVERSION = YES_AGGRESSIVE;
				CLANG_CXX_LANGUAGE_STANDARD = "gnu++14";
				CLANG_CXX_LIBRARY = "libc++";
				CLANG_ENABLE_MODULES = YES;
				CLANG_ENABLE_OBJC_ARC = YES;
				CLANG_ENABLE_OBJC_WEAK = YES;
				CLANG_WARN_BLOCK_CAPTURE_AUTORELEASING = YES;
				CLANG_WARN_BOOL_CONVERSION = YES;
				CLANG_WARN_COMMA = YES;
				CLANG_WARN_CONSTANT_CONVERSION = YES;
				CLANG_WARN_DEPRECATED_OBJC_IMPLEMENTATIONS = YES;
				CLANG_WARN_DIRECT_OBJC_ISA_USAGE = YES_ERROR;
				CLANG_WARN_DOCUMENTATION_COMMENTS = YES;
				CLANG_WARN_EMPTY_BODY = YES;
				CLANG_WARN_ENUM_CONVERSION = YES;
				CLANG_WARN_INFINITE_RECURSION = YES;
				CLANG_WARN_INT_CONVERSION = YES;
				CLANG_WARN_NON_LITERAL_NULL_CONVERSION = YES;
				CLANG_WARN_OBJC_IMPLICIT_RETAIN_SELF = YES;
				CLANG_WARN_OBJC_LITERAL_CONVERSION = YES;
				CLANG_WARN_OBJC_ROOT_CLASS = YES_ERROR;
				CLANG_WARN_QUOTED_INCLUDE_IN_FRAMEWORK_HEADER = YES;
				CLANG_WARN_RANGE_LOOP_ANALYSIS = YES;
				CLANG_WARN_STRICT_PROTOTYPES = YES;
				CLANG_WARN_SUSPICIOUS_MOVE = YES;
				CLANG_WARN_UNGUARDED_AVAILABILITY = YES_AGGRESSIVE;
				CLANG_WARN_UNREACHABLE_CODE = YES;
				CLANG_WARN__DUPLICATE_METHOD_MATCH = YES;
				COPY_PHASE_STRIP = NO;
				DEBUG_INFORMATION_FORMAT = dwarf;
				ENABLE_STRICT_OBJC_MSGSEND = YES;
				ENABLE_TESTABILITY = YES;
				GCC_C_LANGUAGE_STANDARD = gnu11;
				GCC_DYNAMIC_NO_PIC = NO;
				GCC_NO_COMMON_BLOCKS = YES;
				GCC_OPTIMIZATION_LEVEL = 0;
				GCC_PREPROCESSOR_DEFINITIONS = (
					"DEBUG=1",
					"$(inherited)",
				);
				GCC_WARN_64_TO_32_BIT_CONVERSION = YES;
				GCC_WARN_ABOUT_RETURN_TYPE = YES_ERROR;
				GCC_WARN_UNDECLARED_SELECTOR = YES;
				GCC_WARN_UNINITIALIZED_AUTOS = YES_AGGRESSIVE;
				GCC_WARN_UNUSED_FUNCTION = YES;
				GCC_WARN_UNUSED_VARIABLE = YES;
				IPHONEOS_DEPLOYMENT_TARGET = 14.4;
				MTL_ENABLE_DEBUG_INFO = INCLUDE_SOURCE;
				MTL_FAST_MATH = YES;
				ONLY_ACTIVE_ARCH = YES;
				SDKROOT = iphoneos;
				SWIFT_ACTIVE_COMPILATION_CONDITIONS = DEBUG;
				SWIFT_OPTIMIZATION_LEVEL = "-Onone";
			};
			name = Debug;
		};
		855B23D426498220009C20A9 /* Release */ = {
			isa = XCBuildConfiguration;
			buildSettings = {
				ALWAYS_SEARCH_USER_PATHS = NO;
				CLANG_ANALYZER_NONNULL = YES;
				CLANG_ANALYZER_NUMBER_OBJECT_CONVERSION = YES_AGGRESSIVE;
				CLANG_CXX_LANGUAGE_STANDARD = "gnu++14";
				CLANG_CXX_LIBRARY = "libc++";
				CLANG_ENABLE_MODULES = YES;
				CLANG_ENABLE_OBJC_ARC = YES;
				CLANG_ENABLE_OBJC_WEAK = YES;
				CLANG_WARN_BLOCK_CAPTURE_AUTORELEASING = YES;
				CLANG_WARN_BOOL_CONVERSION = YES;
				CLANG_WARN_COMMA = YES;
				CLANG_WARN_CONSTANT_CONVERSION = YES;
				CLANG_WARN_DEPRECATED_OBJC_IMPLEMENTATIONS = YES;
				CLANG_WARN_DIRECT_OBJC_ISA_USAGE = YES_ERROR;
				CLANG_WARN_DOCUMENTATION_COMMENTS = YES;
				CLANG_WARN_EMPTY_BODY = YES;
				CLANG_WARN_ENUM_CONVERSION = YES;
				CLANG_WARN_INFINITE_RECURSION = YES;
				CLANG_WARN_INT_CONVERSION = YES;
				CLANG_WARN_NON_LITERAL_NULL_CONVERSION = YES;
				CLANG_WARN_OBJC_IMPLICIT_RETAIN_SELF = YES;
				CLANG_WARN_OBJC_LITERAL_CONVERSION = YES;
				CLANG_WARN_OBJC_ROOT_CLASS = YES_ERROR;
				CLANG_WARN_QUOTED_INCLUDE_IN_FRAMEWORK_HEADER = YES;
				CLANG_WARN_RANGE_LOOP_ANALYSIS = YES;
				CLANG_WARN_STRICT_PROTOTYPES = YES;
				CLANG_WARN_SUSPICIOUS_MOVE = YES;
				CLANG_WARN_UNGUARDED_AVAILABILITY = YES_AGGRESSIVE;
				CLANG_WARN_UNREACHABLE_CODE = YES;
				CLANG_WARN__DUPLICATE_METHOD_MATCH = YES;
				COPY_PHASE_STRIP = NO;
				DEBUG_INFORMATION_FORMAT = "dwarf-with-dsym";
				ENABLE_NS_ASSERTIONS = NO;
				ENABLE_STRICT_OBJC_MSGSEND = YES;
				GCC_C_LANGUAGE_STANDARD = gnu11;
				GCC_NO_COMMON_BLOCKS = YES;
				GCC_WARN_64_TO_32_BIT_CONVERSION = YES;
				GCC_WARN_ABOUT_RETURN_TYPE = YES_ERROR;
				GCC_WARN_UNDECLARED_SELECTOR = YES;
				GCC_WARN_UNINITIALIZED_AUTOS = YES_AGGRESSIVE;
				GCC_WARN_UNUSED_FUNCTION = YES;
				GCC_WARN_UNUSED_VARIABLE = YES;
				IPHONEOS_DEPLOYMENT_TARGET = 14.4;
				MTL_ENABLE_DEBUG_INFO = NO;
				MTL_FAST_MATH = YES;
				SDKROOT = iphoneos;
				SWIFT_COMPILATION_MODE = wholemodule;
				SWIFT_OPTIMIZATION_LEVEL = "-O";
				VALIDATE_PRODUCT = YES;
			};
			name = Release;
		};
		855B23D626498220009C20A9 /* Debug */ = {
			isa = XCBuildConfiguration;
			buildSettings = {
				ASSETCATALOG_COMPILER_APPICON_NAME = AppIcon;
				ASSETCATALOG_COMPILER_GLOBAL_ACCENT_COLOR_NAME = AccentColor;
				CODE_SIGN_STYLE = Manual;
				DEVELOPMENT_TEAM = "";
				INFOPLIST_FILE = SpendingManagementTool/Info.plist;
				LD_RUNPATH_SEARCH_PATHS = (
					"$(inherited)",
					"@executable_path/Frameworks",
				);
				PRODUCT_BUNDLE_IDENTIFIER = uk.ac.westminster.SpendingManagementTool;
				PRODUCT_NAME = "$(TARGET_NAME)";
				PROVISIONING_PROFILE_SPECIFIER = "";
				SWIFT_VERSION = 5.0;
				TARGETED_DEVICE_FAMILY = 2;
			};
			name = Debug;
		};
		855B23D726498220009C20A9 /* Release */ = {
			isa = XCBuildConfiguration;
			buildSettings = {
				ASSETCATALOG_COMPILER_APPICON_NAME = AppIcon;
				ASSETCATALOG_COMPILER_GLOBAL_ACCENT_COLOR_NAME = AccentColor;
				CODE_SIGN_STYLE = Manual;
				DEVELOPMENT_TEAM = "";
				INFOPLIST_FILE = SpendingManagementTool/Info.plist;
				LD_RUNPATH_SEARCH_PATHS = (
					"$(inherited)",
					"@executable_path/Frameworks",
				);
				PRODUCT_BUNDLE_IDENTIFIER = uk.ac.westminster.SpendingManagementTool;
				PRODUCT_NAME = "$(TARGET_NAME)";
				PROVISIONING_PROFILE_SPECIFIER = "";
				SWIFT_VERSION = 5.0;
				TARGETED_DEVICE_FAMILY = 2;
			};
			name = Release;
		};
/* End XCBuildConfiguration section */

/* Begin XCConfigurationList section */
		855B23BC26498220009C20A9 /* Build configuration list for PBXProject "SpendingManagementTool" */ = {
			isa = XCConfigurationList;
			buildConfigurations = (
				855B23D326498220009C20A9 /* Debug */,
				855B23D426498220009C20A9 /* Release */,
			);
			defaultConfigurationIsVisible = 0;
			defaultConfigurationName = Release;
		};
		855B23D526498220009C20A9 /* Build configuration list for PBXNativeTarget "SpendingManagementTool" */ = {
			isa = XCConfigurationList;
			buildConfigurations = (
				855B23D626498220009C20A9 /* Debug */,
				855B23D726498220009C20A9 /* Release */,
			);
			defaultConfigurationIsVisible = 0;
			defaultConfigurationName = Release;
		};
/* End XCConfigurationList section */

/* Begin XCVersionGroup section */
		855B23DB26498B47009C20A9 /* Category.xcdatamodeld */ = {
			isa = XCVersionGroup;
			children = (
				855B23DC26498B47009C20A9 /* Category.xcdatamodel */,
			);
			currentVersion = 855B23DC26498B47009C20A9 /* Category.xcdatamodel */;
			path = Category.xcdatamodeld;
			sourceTree = "<group>";
			versionGroupType = wrapper.xcdatamodel;
		};
/* End XCVersionGroup section */
	};
	rootObject = 855B23B926498220009C20A9 /* Project object */;
}
